
Microsoft Visual Studio Solution File, Format Version 12.00
# Visual Studio Version 18
VisualStudioVersion = 18.2.11415.280 d18.0
MinimumVisualStudioVersion = 10.0.40219.1
Project("{FAE04EC0-301F-11D3-BF4B-00C04F79EFBC}") = "DatabaseDevOps.Tests", "DatabaseDevOps.Tests.csproj", "{0FD89755-609E-70A8-96B5-F72CE85A96E4}"
EndProject
Global
	GlobalSection(SolutionConfigurationPlatforms) = preSolution
		Debug|Any CPU = Debug|Any CPU
		Release|Any CPU = Release|Any CPU
	EndGlobalSection
	GlobalSection(ProjectConfigurationPlatforms) = postSolution
		{0FD89755-609E-70A8-96B5-F72CE85A96E4}.Debug|Any CPU.ActiveCfg = Debug|Any CPU
		{0FD89755-609E-70A8-96B5-F72CE85A96E4}.Debug|Any CPU.Build.0 = Debug|Any CPU
		{0FD89755-609E-70A8-96B5-F72CE85A96E4}.Release|Any CPU.ActiveCfg = Release|Any CPU
		{0FD89755-609E-70A8-96B5-F72CE85A96E4}.Release|Any CPU.Build.0 = Release|Any CPU
	EndGlobalSection
	GlobalSection(SolutionProperties) = preSolution
		HideSolutionNode = FALSE
	EndGlobalSection
	GlobalSection(ExtensibilityGlobals) = postSolution
		SolutionGuid = {2CD15D67-913B-4881-B1CE-525EC236B066}
	EndGlobalSection
EndGlobal
